
Microsoft Visual Studio Solution File, Format Version 12.00
# Visual Studio Version 16
VisualStudioVersion = 16.0.30717.126
MinimumVisualStudioVersion = 10.0.40219.1
Project("{FAE04EC0-301F-11D3-BF4B-00C04F79EFBC}") = "EP.SOLID.V1", "EP.SOLID.V1.csproj", "{749E8399-64AE-4D96-8A01-CFB018770D9B}"
EndProject
Global
	GlobalSection(SolutionConfigurationPlatforms) = preSolution
		Debug|Any CPU = Debug|Any CPU
		Release|Any CPU = Release|Any CPU
	EndGlobalSection
	GlobalSection(ProjectConfigurationPlatforms) = postSolution
		{749E8399-64AE-4D96-8A01-CFB018770D9B}.Debug|Any CPU.ActiveCfg = Debug|Any CPU
		{749E8399-64AE-4D96-8A01-CFB018770D9B}.Debug|Any CPU.Build.0 = Debug|Any CPU
		{749E8399-64AE-4D96-8A01-CFB018770D9B}.Release|Any CPU.ActiveCfg = Release|Any CPU
		{749E8399-64AE-4D96-8A01-CFB018770D9B}.Release|Any CPU.Build.0 = Release|Any CPU
	EndGlobalSection
	GlobalSection(SolutionProperties) = preSolution
		HideSolutionNode = FALSE
	EndGlobalSection
	GlobalSection(ExtensibilityGlobals) = postSolution
		SolutionGuid = {11DF107A-D302-49B4-A8E9-3DE2B8116797}
	EndGlobalSection
EndGlobal
